
Microsoft Visual Studio Solution File, Format Version 12.00
# Visual Studio Version 17
VisualStudioVersion = 17.0.31903.59
MinimumVisualStudioVersion = 10.0.40219.1
Project("{FAE04EC0-301F-11D3-BF4B-00C04F79EFBC}") = "TicTacToe", "TicTacToe\TicTacToe.csproj", "{4A47DBCB-A131-48BA-B7BA-20F561127342}"
EndProject
Project("{FAE04EC0-301F-11D3-BF4B-00C04F79EFBC}") = "TicTacToe.tests", "TicTacToe.tests\TicTacToe.tests.csproj", "{FFEC0F26-E40E-4D07-BBCC-E6A332E87200}"
EndProject
Global
	GlobalSection(SolutionConfigurationPlatforms) = preSolution
		Debug|Any CPU = Debug|Any CPU
		Release|Any CPU = Release|Any CPU
	EndGlobalSection
	GlobalSection(SolutionProperties) = preSolution
		HideSolutionNode = FALSE
	EndGlobalSection
	GlobalSection(ProjectConfigurationPlatforms) = postSolution
		{4A47DBCB-A131-48BA-B7BA-20F561127342}.Debug|Any CPU.ActiveCfg = Debug|Any CPU
		{4A47DBCB-A131-48BA-B7BA-20F561127342}.Debug|Any CPU.Build.0 = Debug|Any CPU
		{4A47DBCB-A131-48BA-B7BA-20F561127342}.Release|Any CPU.ActiveCfg = Release|Any CPU
		{4A47DBCB-A131-48BA-B7BA-20F561127342}.Release|Any CPU.Build.0 = Release|Any CPU
		{FFEC0F26-E40E-4D07-BBCC-E6A332E87200}.Debug|Any CPU.ActiveCfg = Debug|Any CPU
		{FFEC0F26-E40E-4D07-BBCC-E6A332E87200}.Debug|Any CPU.Build.0 = Debug|Any CPU
		{FFEC0F26-E40E-4D07-BBCC-E6A332E87200}.Release|Any CPU.ActiveCfg = Release|Any CPU
		{FFEC0F26-E40E-4D07-BBCC-E6A332E87200}.Release|Any CPU.Build.0 = Release|Any CPU
	EndGlobalSection
EndGlobal
