
Microsoft Visual Studio Solution File, Format Version 12.00
# Visual Studio Version 17
VisualStudioVersion = 17.0.31903.59
MinimumVisualStudioVersion = 10.0.40219.1
Project("{FAE04EC0-301F-11D3-BF4B-00C04F79EFBC}") = "PriorityQueue", "PriorityQueue\PriorityQueue.csproj", "{B445BFD9-FAEB-46EF-A322-96E26655D37D}"
EndProject
Project("{FAE04EC0-301F-11D3-BF4B-00C04F79EFBC}") = "PriorityQueue.tests", "PriorityQueue.tests\PriorityQueue.tests.csproj", "{A9D04B92-A2E3-4A7A-8377-6A84A374DB7A}"
EndProject
Global
	GlobalSection(SolutionConfigurationPlatforms) = preSolution
		Debug|Any CPU = Debug|Any CPU
		Release|Any CPU = Release|Any CPU
	EndGlobalSection
	GlobalSection(SolutionProperties) = preSolution
		HideSolutionNode = FALSE
	EndGlobalSection
	GlobalSection(ProjectConfigurationPlatforms) = postSolution
		{B445BFD9-FAEB-46EF-A322-96E26655D37D}.Debug|Any CPU.ActiveCfg = Debug|Any CPU
		{B445BFD9-FAEB-46EF-A322-96E26655D37D}.Debug|Any CPU.Build.0 = Debug|Any CPU
		{B445BFD9-FAEB-46EF-A322-96E26655D37D}.Release|Any CPU.ActiveCfg = Release|Any CPU
		{B445BFD9-FAEB-46EF-A322-96E26655D37D}.Release|Any CPU.Build.0 = Release|Any CPU
		{A9D04B92-A2E3-4A7A-8377-6A84A374DB7A}.Debug|Any CPU.ActiveCfg = Debug|Any CPU
		{A9D04B92-A2E3-4A7A-8377-6A84A374DB7A}.Debug|Any CPU.Build.0 = Debug|Any CPU
		{A9D04B92-A2E3-4A7A-8377-6A84A374DB7A}.Release|Any CPU.ActiveCfg = Release|Any CPU
		{A9D04B92-A2E3-4A7A-8377-6A84A374DB7A}.Release|Any CPU.Build.0 = Release|Any CPU
	EndGlobalSection
EndGlobal
