
Microsoft Visual Studio Solution File, Format Version 12.00
# Visual Studio Version 17
VisualStudioVersion = 17.0.31903.59
MinimumVisualStudioVersion = 10.0.40219.1
Project("{FAE04EC0-301F-11D3-BF4B-00C04F79EFBC}") = "task1", "task1\task1.csproj", "{EA3FE107-E414-4FA3-8838-C600535CC38C}"
EndProject
Project("{FAE04EC0-301F-11D3-BF4B-00C04F79EFBC}") = "task1.tests", "task1.tests\task1.tests.csproj", "{87870837-0517-47EF-B789-C69288446AA6}"
EndProject
Global
	GlobalSection(SolutionConfigurationPlatforms) = preSolution
		Debug|Any CPU = Debug|Any CPU
		Release|Any CPU = Release|Any CPU
	EndGlobalSection
	GlobalSection(SolutionProperties) = preSolution
		HideSolutionNode = FALSE
	EndGlobalSection
	GlobalSection(ProjectConfigurationPlatforms) = postSolution
		{EA3FE107-E414-4FA3-8838-C600535CC38C}.Debug|Any CPU.ActiveCfg = Debug|Any CPU
		{EA3FE107-E414-4FA3-8838-C600535CC38C}.Debug|Any CPU.Build.0 = Debug|Any CPU
		{EA3FE107-E414-4FA3-8838-C600535CC38C}.Release|Any CPU.ActiveCfg = Release|Any CPU
		{EA3FE107-E414-4FA3-8838-C600535CC38C}.Release|Any CPU.Build.0 = Release|Any CPU
		{87870837-0517-47EF-B789-C69288446AA6}.Debug|Any CPU.ActiveCfg = Debug|Any CPU
		{87870837-0517-47EF-B789-C69288446AA6}.Debug|Any CPU.Build.0 = Debug|Any CPU
		{87870837-0517-47EF-B789-C69288446AA6}.Release|Any CPU.ActiveCfg = Release|Any CPU
		{87870837-0517-47EF-B789-C69288446AA6}.Release|Any CPU.Build.0 = Release|Any CPU
	EndGlobalSection
EndGlobal
