
Microsoft Visual Studio Solution File, Format Version 12.00
# Visual Studio Version 17
VisualStudioVersion = 17.0.31903.59
MinimumVisualStudioVersion = 10.0.40219.1
Project("{FAE04EC0-301F-11D3-BF4B-00C04F79EFBC}") = "task2", "task2\task2.csproj", "{6D0E60E8-0EF1-4B81-80FD-9560CF4C7681}"
EndProject
Project("{FAE04EC0-301F-11D3-BF4B-00C04F79EFBC}") = "task2.tests", "task2.tests\task2.tests.csproj", "{FE1F37E8-521D-4BC1-B639-FBA478387601}"
EndProject
Global
	GlobalSection(SolutionConfigurationPlatforms) = preSolution
		Debug|Any CPU = Debug|Any CPU
		Release|Any CPU = Release|Any CPU
	EndGlobalSection
	GlobalSection(SolutionProperties) = preSolution
		HideSolutionNode = FALSE
	EndGlobalSection
	GlobalSection(ProjectConfigurationPlatforms) = postSolution
		{6D0E60E8-0EF1-4B81-80FD-9560CF4C7681}.Debug|Any CPU.ActiveCfg = Debug|Any CPU
		{6D0E60E8-0EF1-4B81-80FD-9560CF4C7681}.Debug|Any CPU.Build.0 = Debug|Any CPU
		{6D0E60E8-0EF1-4B81-80FD-9560CF4C7681}.Release|Any CPU.ActiveCfg = Release|Any CPU
		{6D0E60E8-0EF1-4B81-80FD-9560CF4C7681}.Release|Any CPU.Build.0 = Release|Any CPU
		{FE1F37E8-521D-4BC1-B639-FBA478387601}.Debug|Any CPU.ActiveCfg = Debug|Any CPU
		{FE1F37E8-521D-4BC1-B639-FBA478387601}.Debug|Any CPU.Build.0 = Debug|Any CPU
		{FE1F37E8-521D-4BC1-B639-FBA478387601}.Release|Any CPU.ActiveCfg = Release|Any CPU
		{FE1F37E8-521D-4BC1-B639-FBA478387601}.Release|Any CPU.Build.0 = Release|Any CPU
	EndGlobalSection
EndGlobal
