
Microsoft Visual Studio Solution File, Format Version 12.00
# Visual Studio Version 17
VisualStudioVersion = 17.0.31903.59
MinimumVisualStudioVersion = 10.0.40219.1
Project("{FAE04EC0-301F-11D3-BF4B-00C04F79EFBC}") = "zipper", "zipper\zipper.csproj", "{33CB2A47-FDE2-4BCF-8F5A-A7F3D4CF3B48}"
EndProject
Project("{FAE04EC0-301F-11D3-BF4B-00C04F79EFBC}") = "zipper.tests", "zipper.tests\zipper.tests.csproj", "{7452C8DC-638C-4EFD-B993-5175EB7F0697}"
EndProject
Global
	GlobalSection(SolutionConfigurationPlatforms) = preSolution
		Debug|Any CPU = Debug|Any CPU
		Release|Any CPU = Release|Any CPU
	EndGlobalSection
	GlobalSection(SolutionProperties) = preSolution
		HideSolutionNode = FALSE
	EndGlobalSection
	GlobalSection(ProjectConfigurationPlatforms) = postSolution
		{33CB2A47-FDE2-4BCF-8F5A-A7F3D4CF3B48}.Debug|Any CPU.ActiveCfg = Debug|Any CPU
		{33CB2A47-FDE2-4BCF-8F5A-A7F3D4CF3B48}.Debug|Any CPU.Build.0 = Debug|Any CPU
		{33CB2A47-FDE2-4BCF-8F5A-A7F3D4CF3B48}.Release|Any CPU.ActiveCfg = Release|Any CPU
		{33CB2A47-FDE2-4BCF-8F5A-A7F3D4CF3B48}.Release|Any CPU.Build.0 = Release|Any CPU
		{7452C8DC-638C-4EFD-B993-5175EB7F0697}.Debug|Any CPU.ActiveCfg = Debug|Any CPU
		{7452C8DC-638C-4EFD-B993-5175EB7F0697}.Debug|Any CPU.Build.0 = Debug|Any CPU
		{7452C8DC-638C-4EFD-B993-5175EB7F0697}.Release|Any CPU.ActiveCfg = Release|Any CPU
		{7452C8DC-638C-4EFD-B993-5175EB7F0697}.Release|Any CPU.Build.0 = Release|Any CPU
	EndGlobalSection
EndGlobal
