
Microsoft Visual Studio Solution File, Format Version 12.00
# Visual Studio Version 17
VisualStudioVersion = 17.0.31903.59
MinimumVisualStudioVersion = 10.0.40219.1
Project("{FAE04EC0-301F-11D3-BF4B-00C04F79EFBC}") = "task1", "task1\task1.csproj", "{46C3A89D-766D-4A77-9B5C-3E07BE77E6AF}"
EndProject
Project("{FAE04EC0-301F-11D3-BF4B-00C04F79EFBC}") = "task1.tests", "task1.tests\task1.tests.csproj", "{88FFEF09-C38A-4448-AE3C-7D7AA2667AF5}"
EndProject
Global
	GlobalSection(SolutionConfigurationPlatforms) = preSolution
		Debug|Any CPU = Debug|Any CPU
		Release|Any CPU = Release|Any CPU
	EndGlobalSection
	GlobalSection(SolutionProperties) = preSolution
		HideSolutionNode = FALSE
	EndGlobalSection
	GlobalSection(ProjectConfigurationPlatforms) = postSolution
		{46C3A89D-766D-4A77-9B5C-3E07BE77E6AF}.Debug|Any CPU.ActiveCfg = Debug|Any CPU
		{46C3A89D-766D-4A77-9B5C-3E07BE77E6AF}.Debug|Any CPU.Build.0 = Debug|Any CPU
		{46C3A89D-766D-4A77-9B5C-3E07BE77E6AF}.Release|Any CPU.ActiveCfg = Release|Any CPU
		{46C3A89D-766D-4A77-9B5C-3E07BE77E6AF}.Release|Any CPU.Build.0 = Release|Any CPU
		{88FFEF09-C38A-4448-AE3C-7D7AA2667AF5}.Debug|Any CPU.ActiveCfg = Debug|Any CPU
		{88FFEF09-C38A-4448-AE3C-7D7AA2667AF5}.Debug|Any CPU.Build.0 = Debug|Any CPU
		{88FFEF09-C38A-4448-AE3C-7D7AA2667AF5}.Release|Any CPU.ActiveCfg = Release|Any CPU
		{88FFEF09-C38A-4448-AE3C-7D7AA2667AF5}.Release|Any CPU.Build.0 = Release|Any CPU
	EndGlobalSection
EndGlobal
